// !$*UTF8*$!
{
	archiveVersion = 1;
	classes = {
	};
	objectVersion = 52;
	objects = {

/* Begin PBXBuildFile section */
		E14570FF26B0173C00B56351 /* AppDelegate.swift in Sources */ = {isa = PBXBuildFile; fileRef = E14570FE26B0173C00B56351 /* AppDelegate.swift */; };
		E145710326B0173C00B56351 /* AmountVC.swift in Sources */ = {isa = PBXBuildFile; fileRef = E145710226B0173C00B56351 /* AmountVC.swift */; };
		E145710626B0173C00B56351 /* Main.storyboard in Resources */ = {isa = PBXBuildFile; fileRef = E145710426B0173C00B56351 /* Main.storyboard */; };
		E145710926B0173C00B56351 /* CurrenciesApp.xcdatamodeld in Sources */ = {isa = PBXBuildFile; fileRef = E145710726B0173C00B56351 /* CurrenciesApp.xcdatamodeld */; };
		E145710B26B0173E00B56351 /* Assets.xcassets in Resources */ = {isa = PBXBuildFile; fileRef = E145710A26B0173E00B56351 /* Assets.xcassets */; };
		E145710E26B0173E00B56351 /* LaunchScreen.storyboard in Resources */ = {isa = PBXBuildFile; fileRef = E145710C26B0173E00B56351 /* LaunchScreen.storyboard */; };
		E145711926B0173F00B56351 /* CurrenciesAppTests.swift in Sources */ = {isa = PBXBuildFile; fileRef = E145711826B0173F00B56351 /* CurrenciesAppTests.swift */; };
		E145712426B0173F00B56351 /* CurrenciesAppUITests.swift in Sources */ = {isa = PBXBuildFile; fileRef = E145712326B0173F00B56351 /* CurrenciesAppUITests.swift */; };
		E145713326B04D5800B56351 /* Quote+CoreDataClass.swift in Sources */ = {isa = PBXBuildFile; fileRef = E145713126B04D5800B56351 /* Quote+CoreDataClass.swift */; };
		E145713426B04D5800B56351 /* Quote+CoreDataProperties.swift in Sources */ = {isa = PBXBuildFile; fileRef = E145713226B04D5800B56351 /* Quote+CoreDataProperties.swift */; };
		E145713726B0528B00B56351 /* SwiftyJSON in Frameworks */ = {isa = PBXBuildFile; productRef = E145713626B0528B00B56351 /* SwiftyJSON */; };
		E145713926B1645000B56351 /* CurrenciesTVC.swift in Sources */ = {isa = PBXBuildFile; fileRef = E145713826B1645000B56351 /* CurrenciesTVC.swift */; };
		E145713C26B1CFC400B56351 /* UIViewController+Utils.swift in Sources */ = {isa = PBXBuildFile; fileRef = E145713B26B1CFC400B56351 /* UIViewController+Utils.swift */; };
		E145713F26B2915800B56351 /* Kanna in Frameworks */ = {isa = PBXBuildFile; productRef = E145713E26B2915800B56351 /* Kanna */; };
		E145714226B2A2C400B56351 /* MainCoordinator.swift in Sources */ = {isa = PBXBuildFile; fileRef = E145714126B2A2C400B56351 /* MainCoordinator.swift */; };
		E145714B26B3423A00B56351 /* CurrencyCell.swift in Sources */ = {isa = PBXBuildFile; fileRef = E145714926B3423A00B56351 /* CurrencyCell.swift */; };
		E145714C26B3423A00B56351 /* CurrencyCell.xib in Resources */ = {isa = PBXBuildFile; fileRef = E145714A26B3423A00B56351 /* CurrencyCell.xib */; };
		E145714E26B3587200B56351 /* String+Utils.swift in Sources */ = {isa = PBXBuildFile; fileRef = E145714D26B3587200B56351 /* String+Utils.swift */; };
		E145715026B37D7900B56351 /* URLSession+Utils.swift in Sources */ = {isa = PBXBuildFile; fileRef = E145714F26B37D7900B56351 /* URLSession+Utils.swift */; };
		E145715326B3ACCB00B56351 /* JGProgressHUD in Frameworks */ = {isa = PBXBuildFile; productRef = E145715226B3ACCB00B56351 /* JGProgressHUD */; };
		E145715626B3BFF400B56351 /* CurrencyFieldView.xib in Resources */ = {isa = PBXBuildFile; fileRef = E145715526B3BFF400B56351 /* CurrencyFieldView.xib */; };
		E145715826B3C25D00B56351 /* CurrencyFieldView.swift in Sources */ = {isa = PBXBuildFile; fileRef = E145715726B3C25D00B56351 /* CurrencyFieldView.swift */; };
/* End PBXBuildFile section */

/* Begin PBXContainerItemProxy section */
		E145711526B0173F00B56351 /* PBXContainerItemProxy */ = {
			isa = PBXContainerItemProxy;
			containerPortal = E14570F326B0173C00B56351 /* Project object */;
			proxyType = 1;
			remoteGlobalIDString = E14570FA26B0173C00B56351;
			remoteInfo = CurrenciesApp;
		};
		E145712026B0173F00B56351 /* PBXContainerItemProxy */ = {
			isa = PBXContainerItemProxy;
			containerPortal = E14570F326B0173C00B56351 /* Project object */;
			proxyType = 1;
			remoteGlobalIDString = E14570FA26B0173C00B56351;
			remoteInfo = CurrenciesApp;
		};
/* End PBXContainerItemProxy section */

/* Begin PBXFileReference section */
		E14570FB26B0173C00B56351 /* CurrenciesApp.app */ = {isa = PBXFileReference; explicitFileType = wrapper.application; includeInIndex = 0; path = CurrenciesApp.app; sourceTree = BUILT_PRODUCTS_DIR; };
		E14570FE26B0173C00B56351 /* AppDelegate.swift */ = {isa = PBXFileReference; lastKnownFileType = sourcecode.swift; path = AppDelegate.swift; sourceTree = "<group>"; };
		E145710226B0173C00B56351 /* AmountVC.swift */ = {isa = PBXFileReference; lastKnownFileType = sourcecode.swift; path = AmountVC.swift; sourceTree = "<group>"; };
		E145710526B0173C00B56351 /* Base */ = {isa = PBXFileReference; lastKnownFileType = file.storyboard; name = Base; path = Base.lproj/Main.storyboard; sourceTree = "<group>"; };
		E145710826B0173C00B56351 /* CurrenciesApp.xcdatamodel */ = {isa = PBXFileReference; lastKnownFileType = wrapper.xcdatamodel; path = CurrenciesApp.xcdatamodel; sourceTree = "<group>"; };
		E145710A26B0173E00B56351 /* Assets.xcassets */ = {isa = PBXFileReference; lastKnownFileType = folder.assetcatalog; path = Assets.xcassets; sourceTree = "<group>"; };
		E145710D26B0173E00B56351 /* Base */ = {isa = PBXFileReference; lastKnownFileType = file.storyboard; name = Base; path = Base.lproj/LaunchScreen.storyboard; sourceTree = "<group>"; };
		E145710F26B0173E00B56351 /* Info.plist */ = {isa = PBXFileReference; lastKnownFileType = text.plist.xml; path = Info.plist; sourceTree = "<group>"; };
		E145711426B0173F00B56351 /* CurrenciesAppTests.xctest */ = {isa = PBXFileReference; explicitFileType = wrapper.cfbundle; includeInIndex = 0; path = CurrenciesAppTests.xctest; sourceTree = BUILT_PRODUCTS_DIR; };
		E145711826B0173F00B56351 /* CurrenciesAppTests.swift */ = {isa = PBXFileReference; lastKnownFileType = sourcecode.swift; path = CurrenciesAppTests.swift; sourceTree = "<group>"; };
		E145711A26B0173F00B56351 /* Info.plist */ = {isa = PBXFileReference; lastKnownFileType = text.plist.xml; path = Info.plist; sourceTree = "<group>"; };
		E145711F26B0173F00B56351 /* CurrenciesAppUITests.xctest */ = {isa = PBXFileReference; explicitFileType = wrapper.cfbundle; includeInIndex = 0; path = CurrenciesAppUITests.xctest; sourceTree = BUILT_PRODUCTS_DIR; };
		E145712326B0173F00B56351 /* CurrenciesAppUITests.swift */ = {isa = PBXFileReference; lastKnownFileType = sourcecode.swift; path = CurrenciesAppUITests.swift; sourceTree = "<group>"; };
		E145712526B0173F00B56351 /* Info.plist */ = {isa = PBXFileReference; lastKnownFileType = text.plist.xml; path = Info.plist; sourceTree = "<group>"; };
		E145713126B04D5800B56351 /* Quote+CoreDataClass.swift */ = {isa = PBXFileReference; lastKnownFileType = sourcecode.swift; path = "Quote+CoreDataClass.swift"; sourceTree = "<group>"; };
		E145713226B04D5800B56351 /* Quote+CoreDataProperties.swift */ = {isa = PBXFileReference; lastKnownFileType = sourcecode.swift; path = "Quote+CoreDataProperties.swift"; sourceTree = "<group>"; };
		E145713826B1645000B56351 /* CurrenciesTVC.swift */ = {isa = PBXFileReference; lastKnownFileType = sourcecode.swift; path = CurrenciesTVC.swift; sourceTree = "<group>"; };
		E145713B26B1CFC400B56351 /* UIViewController+Utils.swift */ = {isa = PBXFileReference; lastKnownFileType = sourcecode.swift; path = "UIViewController+Utils.swift"; sourceTree = "<group>"; };
		E145714126B2A2C400B56351 /* MainCoordinator.swift */ = {isa = PBXFileReference; lastKnownFileType = sourcecode.swift; path = MainCoordinator.swift; sourceTree = "<group>"; };
		E145714926B3423A00B56351 /* CurrencyCell.swift */ = {isa = PBXFileReference; lastKnownFileType = sourcecode.swift; path = CurrencyCell.swift; sourceTree = "<group>"; };
		E145714A26B3423A00B56351 /* CurrencyCell.xib */ = {isa = PBXFileReference; lastKnownFileType = file.xib; path = CurrencyCell.xib; sourceTree = "<group>"; };
		E145714D26B3587200B56351 /* String+Utils.swift */ = {isa = PBXFileReference; lastKnownFileType = sourcecode.swift; path = "String+Utils.swift"; sourceTree = "<group>"; };
		E145714F26B37D7900B56351 /* URLSession+Utils.swift */ = {isa = PBXFileReference; lastKnownFileType = sourcecode.swift; path = "URLSession+Utils.swift"; sourceTree = "<group>"; };
		E145715526B3BFF400B56351 /* CurrencyFieldView.xib */ = {isa = PBXFileReference; lastKnownFileType = file.xib; path = CurrencyFieldView.xib; sourceTree = "<group>"; };
		E145715726B3C25D00B56351 /* CurrencyFieldView.swift */ = {isa = PBXFileReference; lastKnownFileType = sourcecode.swift; path = CurrencyFieldView.swift; sourceTree = "<group>"; };
/* End PBXFileReference section */

/* Begin PBXFrameworksBuildPhase section */
		E14570F826B0173C00B56351 /* Frameworks */ = {
			isa = PBXFrameworksBuildPhase;
			buildActionMask = 2147483647;
			files = (
				E145713F26B2915800B56351 /* Kanna in Frameworks */,
				E145715326B3ACCB00B56351 /* JGProgressHUD in Frameworks */,
				E145713726B0528B00B56351 /* SwiftyJSON in Frameworks */,
			);
			runOnlyForDeploymentPostprocessing = 0;
		};
		E145711126B0173F00B56351 /* Frameworks */ = {
			isa = PBXFrameworksBuildPhase;
			buildActionMask = 2147483647;
			files = (
			);
			runOnlyForDeploymentPostprocessing = 0;
		};
		E145711C26B0173F00B56351 /* Frameworks */ = {
			isa = PBXFrameworksBuildPhase;
			buildActionMask = 2147483647;
			files = (
			);
			runOnlyForDeploymentPostprocessing = 0;
		};
/* End PBXFrameworksBuildPhase section */

/* Begin PBXGroup section */
		E14570F226B0173C00B56351 = {
			isa = PBXGroup;
			children = (
				E14570FD26B0173C00B56351 /* CurrenciesApp */,
				E145711726B0173F00B56351 /* CurrenciesAppTests */,
				E145712226B0173F00B56351 /* CurrenciesAppUITests */,
				E14570FC26B0173C00B56351 /* Products */,
			);
			sourceTree = "<group>";
		};
		E14570FC26B0173C00B56351 /* Products */ = {
			isa = PBXGroup;
			children = (
				E14570FB26B0173C00B56351 /* CurrenciesApp.app */,
				E145711426B0173F00B56351 /* CurrenciesAppTests.xctest */,
				E145711F26B0173F00B56351 /* CurrenciesAppUITests.xctest */,
			);
			name = Products;
			sourceTree = "<group>";
		};
		E14570FD26B0173C00B56351 /* CurrenciesApp */ = {
			isa = PBXGroup;
			children = (
				E145714026B2A29B00B56351 /* Models */,
				E145713A26B1CF9000B56351 /* Extensions */,
				E145715426B3BF8900B56351 /* Views */,
				E14570FE26B0173C00B56351 /* AppDelegate.swift */,
				E145714126B2A2C400B56351 /* MainCoordinator.swift */,
				E145710226B0173C00B56351 /* AmountVC.swift */,
				E145713826B1645000B56351 /* CurrenciesTVC.swift */,
				E145714926B3423A00B56351 /* CurrencyCell.swift */,
				E145714A26B3423A00B56351 /* CurrencyCell.xib */,
				E145710426B0173C00B56351 /* Main.storyboard */,
				E145710A26B0173E00B56351 /* Assets.xcassets */,
				E145710C26B0173E00B56351 /* LaunchScreen.storyboard */,
				E145710F26B0173E00B56351 /* Info.plist */,
				E145710726B0173C00B56351 /* CurrenciesApp.xcdatamodeld */,
			);
			path = CurrenciesApp;
			sourceTree = "<group>";
		};
		E145711726B0173F00B56351 /* CurrenciesAppTests */ = {
			isa = PBXGroup;
			children = (
				E145711826B0173F00B56351 /* CurrenciesAppTests.swift */,
				E145711A26B0173F00B56351 /* Info.plist */,
			);
			path = CurrenciesAppTests;
			sourceTree = "<group>";
		};
		E145712226B0173F00B56351 /* CurrenciesAppUITests */ = {
			isa = PBXGroup;
			children = (
				E145712326B0173F00B56351 /* CurrenciesAppUITests.swift */,
				E145712526B0173F00B56351 /* Info.plist */,
			);
			path = CurrenciesAppUITests;
			sourceTree = "<group>";
		};
		E145713A26B1CF9000B56351 /* Extensions */ = {
			isa = PBXGroup;
			children = (
				E145713B26B1CFC400B56351 /* UIViewController+Utils.swift */,
				E145714D26B3587200B56351 /* String+Utils.swift */,
				E145714F26B37D7900B56351 /* URLSession+Utils.swift */,
			);
			path = Extensions;
			sourceTree = "<group>";
		};
		E145714026B2A29B00B56351 /* Models */ = {
			isa = PBXGroup;
			children = (
				E145713126B04D5800B56351 /* Quote+CoreDataClass.swift */,
				E145713226B04D5800B56351 /* Quote+CoreDataProperties.swift */,
			);
			path = Models;
			sourceTree = "<group>";
		};
		E145715426B3BF8900B56351 /* Views */ = {
			isa = PBXGroup;
			children = (
				E145715726B3C25D00B56351 /* CurrencyFieldView.swift */,
				E145715526B3BFF400B56351 /* CurrencyFieldView.xib */,
			);
			path = Views;
			sourceTree = "<group>";
		};
/* End PBXGroup section */

/* Begin PBXNativeTarget section */
		E14570FA26B0173C00B56351 /* CurrenciesApp */ = {
			isa = PBXNativeTarget;
			buildConfigurationList = E145712826B0173F00B56351 /* Build configuration list for PBXNativeTarget "CurrenciesApp" */;
			buildPhases = (
				E14570F726B0173C00B56351 /* Sources */,
				E14570F826B0173C00B56351 /* Frameworks */,
				E14570F926B0173C00B56351 /* Resources */,
			);
			buildRules = (
			);
			dependencies = (
			);
			name = CurrenciesApp;
			packageProductDependencies = (
				E145713626B0528B00B56351 /* SwiftyJSON */,
				E145713E26B2915800B56351 /* Kanna */,
				E145715226B3ACCB00B56351 /* JGProgressHUD */,
			);
			productName = CurrenciesApp;
			productReference = E14570FB26B0173C00B56351 /* CurrenciesApp.app */;
			productType = "com.apple.product-type.application";
		};
		E145711326B0173F00B56351 /* CurrenciesAppTests */ = {
			isa = PBXNativeTarget;
			buildConfigurationList = E145712B26B0173F00B56351 /* Build configuration list for PBXNativeTarget "CurrenciesAppTests" */;
			buildPhases = (
				E145711026B0173F00B56351 /* Sources */,
				E145711126B0173F00B56351 /* Frameworks */,
				E145711226B0173F00B56351 /* Resources */,
			);
			buildRules = (
			);
			dependencies = (
				E145711626B0173F00B56351 /* PBXTargetDependency */,
			);
			name = CurrenciesAppTests;
			productName = CurrenciesAppTests;
			productReference = E145711426B0173F00B56351 /* CurrenciesAppTests.xctest */;
			productType = "com.apple.product-type.bundle.unit-test";
		};
		E145711E26B0173F00B56351 /* CurrenciesAppUITests */ = {
			isa = PBXNativeTarget;
			buildConfigurationList = E145712E26B0173F00B56351 /* Build configuration list for PBXNativeTarget "CurrenciesAppUITests" */;
			buildPhases = (
				E145711B26B0173F00B56351 /* Sources */,
				E145711C26B0173F00B56351 /* Frameworks */,
				E145711D26B0173F00B56351 /* Resources */,
			);
			buildRules = (
			);
			dependencies = (
				E145712126B0173F00B56351 /* PBXTargetDependency */,
			);
			name = CurrenciesAppUITests;
			productName = CurrenciesAppUITests;
			productReference = E145711F26B0173F00B56351 /* CurrenciesAppUITests.xctest */;
			productType = "com.apple.product-type.bundle.ui-testing";
		};
/* End PBXNativeTarget section */

/* Begin PBXProject section */
		E14570F326B0173C00B56351 /* Project object */ = {
			isa = PBXProject;
			attributes = {
				LastSwiftUpdateCheck = 1250;
				LastUpgradeCheck = 1250;
				TargetAttributes = {
					E14570FA26B0173C00B56351 = {
						CreatedOnToolsVersion = 12.5.1;
					};
					E145711326B0173F00B56351 = {
						CreatedOnToolsVersion = 12.5.1;
						TestTargetID = E14570FA26B0173C00B56351;
					};
					E145711E26B0173F00B56351 = {
						CreatedOnToolsVersion = 12.5.1;
						TestTargetID = E14570FA26B0173C00B56351;
					};
				};
			};
			buildConfigurationList = E14570F626B0173C00B56351 /* Build configuration list for PBXProject "CurrenciesApp" */;
			compatibilityVersion = "Xcode 9.3";
			developmentRegion = en;
			hasScannedForEncodings = 0;
			knownRegions = (
				en,
				Base,
			);
			mainGroup = E14570F226B0173C00B56351;
			packageReferences = (
				E145713526B0528B00B56351 /* XCRemoteSwiftPackageReference "SwiftyJSON" */,
				E145713D26B2915800B56351 /* XCRemoteSwiftPackageReference "Kanna" */,
				E145715126B3ACCB00B56351 /* XCRemoteSwiftPackageReference "JGProgressHUD" */,
			);
			productRefGroup = E14570FC26B0173C00B56351 /* Products */;
			projectDirPath = "";
			projectRoot = "";
			targets = (
				E14570FA26B0173C00B56351 /* CurrenciesApp */,
				E145711326B0173F00B56351 /* CurrenciesAppTests */,
				E145711E26B0173F00B56351 /* CurrenciesAppUITests */,
			);
		};
/* End PBXProject section */

/* Begin PBXResourcesBuildPhase section */
		E14570F926B0173C00B56351 /* Resources */ = {
			isa = PBXResourcesBuildPhase;
			buildActionMask = 2147483647;
			files = (
				E145714C26B3423A00B56351 /* CurrencyCell.xib in Resources */,
				E145710E26B0173E00B56351 /* LaunchScreen.storyboard in Resources */,
				E145710B26B0173E00B56351 /* Assets.xcassets in Resources */,
				E145710626B0173C00B56351 /* Main.storyboard in Resources */,
				E145715626B3BFF400B56351 /* CurrencyFieldView.xib in Resources */,
			);
			runOnlyForDeploymentPostprocessing = 0;
		};
		E145711226B0173F00B56351 /* Resources */ = {
			isa = PBXResourcesBuildPhase;
			buildActionMask = 2147483647;
			files = (
			);
			runOnlyForDeploymentPostprocessing = 0;
		};
		E145711D26B0173F00B56351 /* Resources */ = {
			isa = PBXResourcesBuildPhase;
			buildActionMask = 2147483647;
			files = (
			);
			runOnlyForDeploymentPostprocessing = 0;
		};
/* End PBXResourcesBuildPhase section */

/* Begin PBXSourcesBuildPhase section */
		E14570F726B0173C00B56351 /* Sources */ = {
			isa = PBXSourcesBuildPhase;
			buildActionMask = 2147483647;
			files = (
				E145714E26B3587200B56351 /* String+Utils.swift in Sources */,
				E145714B26B3423A00B56351 /* CurrencyCell.swift in Sources */,
				E145713C26B1CFC400B56351 /* UIViewController+Utils.swift in Sources */,
				E145713426B04D5800B56351 /* Quote+CoreDataProperties.swift in Sources */,
				E145713926B1645000B56351 /* CurrenciesTVC.swift in Sources */,
				E145710326B0173C00B56351 /* AmountVC.swift in Sources */,
				E145713326B04D5800B56351 /* Quote+CoreDataClass.swift in Sources */,
				E14570FF26B0173C00B56351 /* AppDelegate.swift in Sources */,
				E145715826B3C25D00B56351 /* CurrencyFieldView.swift in Sources */,
				E145715026B37D7900B56351 /* URLSession+Utils.swift in Sources */,
				E145710926B0173C00B56351 /* CurrenciesApp.xcdatamodeld in Sources */,
				E145714226B2A2C400B56351 /* MainCoordinator.swift in Sources */,
			);
			runOnlyForDeploymentPostprocessing = 0;
		};
		E145711026B0173F00B56351 /* Sources */ = {
			isa = PBXSourcesBuildPhase;
			buildActionMask = 2147483647;
			files = (
				E145711926B0173F00B56351 /* CurrenciesAppTests.swift in Sources */,
			);
			runOnlyForDeploymentPostprocessing = 0;
		};
		E145711B26B0173F00B56351 /* Sources */ = {
			isa = PBXSourcesBuildPhase;
			buildActionMask = 2147483647;
			files = (
				E145712426B0173F00B56351 /* CurrenciesAppUITests.swift in Sources */,
			);
			runOnlyForDeploymentPostprocessing = 0;
		};
/* End PBXSourcesBuildPhase section */

/* Begin PBXTargetDependency section */
		E145711626B0173F00B56351 /* PBXTargetDependency */ = {
			isa = PBXTargetDependency;
			target = E14570FA26B0173C00B56351 /* CurrenciesApp */;
			targetProxy = E145711526B0173F00B56351 /* PBXContainerItemProxy */;
		};
		E145712126B0173F00B56351 /* PBXTargetDependency */ = {
			isa = PBXTargetDependency;
			target = E14570FA26B0173C00B56351 /* CurrenciesApp */;
			targetProxy = E145712026B0173F00B56351 /* PBXContainerItemProxy */;
		};
/* End PBXTargetDependency section */

/* Begin PBXVariantGroup section */
		E145710426B0173C00B56351 /* Main.storyboard */ = {
			isa = PBXVariantGroup;
			children = (
				E145710526B0173C00B56351 /* Base */,
			);
			name = Main.storyboard;
			sourceTree = "<group>";
		};
		E145710C26B0173E00B56351 /* LaunchScreen.storyboard */ = {
			isa = PBXVariantGroup;
			children = (
				E145710D26B0173E00B56351 /* Base */,
			);
			name = LaunchScreen.storyboard;
			sourceTree = "<group>";
		};
/* End PBXVariantGroup section */

/* Begin XCBuildConfiguration section */
		E145712626B0173F00B56351 /* Debug */ = {
			isa = XCBuildConfiguration;
			buildSettings = {
				ALWAYS_SEARCH_USER_PATHS = NO;
				CLANG_ANALYZER_NONNULL = YES;
				CLANG_ANALYZER_NUMBER_OBJECT_CONVERSION = YES_AGGRESSIVE;
				CLANG_CXX_LANGUAGE_STANDARD = "gnu++14";
				CLANG_CXX_LIBRARY = "libc++";
				CLANG_ENABLE_MODULES = YES;
				CLANG_ENABLE_OBJC_ARC = YES;
				CLANG_ENABLE_OBJC_WEAK = YES;
				CLANG_WARN_BLOCK_CAPTURE_AUTORELEASING = YES;
				CLANG_WARN_BOOL_CONVERSION = YES;
				CLANG_WARN_COMMA = YES;
				CLANG_WARN_CONSTANT_CONVERSION = YES;
				CLANG_WARN_DEPRECATED_OBJC_IMPLEMENTATIONS = YES;
				CLANG_WARN_DIRECT_OBJC_ISA_USAGE = YES_ERROR;
				CLANG_WARN_DOCUMENTATION_COMMENTS = YES;
				CLANG_WARN_EMPTY_BODY = YES;
				CLANG_WARN_ENUM_CONVERSION = YES;
				CLANG_WARN_INFINITE_RECURSION = YES;
				CLANG_WARN_INT_CONVERSION = YES;
				CLANG_WARN_NON_LITERAL_NULL_CONVERSION = YES;
				CLANG_WARN_OBJC_IMPLICIT_RETAIN_SELF = YES;
				CLANG_WARN_OBJC_LITERAL_CONVERSION = YES;
				CLANG_WARN_OBJC_ROOT_CLASS = YES_ERROR;
				CLANG_WARN_QUOTED_INCLUDE_IN_FRAMEWORK_HEADER = YES;
				CLANG_WARN_RANGE_LOOP_ANALYSIS = YES;
				CLANG_WARN_STRICT_PROTOTYPES = YES;
				CLANG_WARN_SUSPICIOUS_MOVE = YES;
				CLANG_WARN_UNGUARDED_AVAILABILITY = YES_AGGRESSIVE;
				CLANG_WARN_UNREACHABLE_CODE = YES;
				CLANG_WARN__DUPLICATE_METHOD_MATCH = YES;
				COPY_PHASE_STRIP = NO;
				DEBUG_INFORMATION_FORMAT = dwarf;
				ENABLE_STRICT_OBJC_MSGSEND = YES;
				ENABLE_TESTABILITY = YES;
				GCC_C_LANGUAGE_STANDARD = gnu11;
				GCC_DYNAMIC_NO_PIC = NO;
				GCC_NO_COMMON_BLOCKS = YES;
				GCC_OPTIMIZATION_LEVEL = 0;
				GCC_PREPROCESSOR_DEFINITIONS = (
					"DEBUG=1",
					"$(inherited)",
				);
				GCC_WARN_64_TO_32_BIT_CONVERSION = YES;
				GCC_WARN_ABOUT_RETURN_TYPE = YES_ERROR;
				GCC_WARN_UNDECLARED_SELECTOR = YES;
				GCC_WARN_UNINITIALIZED_AUTOS = YES_AGGRESSIVE;
				GCC_WARN_UNUSED_FUNCTION = YES;
				GCC_WARN_UNUSED_VARIABLE = YES;
				IPHONEOS_DEPLOYMENT_TARGET = 14.5;
				MTL_ENABLE_DEBUG_INFO = INCLUDE_SOURCE;
				MTL_FAST_MATH = YES;
				ONLY_ACTIVE_ARCH = YES;
				SDKROOT = iphoneos;
				SWIFT_ACTIVE_COMPILATION_CONDITIONS = DEBUG;
				SWIFT_OPTIMIZATION_LEVEL = "-Onone";
			};
			name = Debug;
		};
		E145712726B0173F00B56351 /* Release */ = {
			isa = XCBuildConfiguration;
			buildSettings = {
				ALWAYS_SEARCH_USER_PATHS = NO;
				CLANG_ANALYZER_NONNULL = YES;
				CLANG_ANALYZER_NUMBER_OBJECT_CONVERSION = YES_AGGRESSIVE;
				CLANG_CXX_LANGUAGE_STANDARD = "gnu++14";
				CLANG_CXX_LIBRARY = "libc++";
				CLANG_ENABLE_MODULES = YES;
				CLANG_ENABLE_OBJC_ARC = YES;
				CLANG_ENABLE_OBJC_WEAK = YES;
				CLANG_WARN_BLOCK_CAPTURE_AUTORELEASING = YES;
				CLANG_WARN_BOOL_CONVERSION = YES;
				CLANG_WARN_COMMA = YES;
				CLANG_WARN_CONSTANT_CONVERSION = YES;
				CLANG_WARN_DEPRECATED_OBJC_IMPLEMENTATIONS = YES;
				CLANG_WARN_DIRECT_OBJC_ISA_USAGE = YES_ERROR;
				CLANG_WARN_DOCUMENTATION_COMMENTS = YES;
				CLANG_WARN_EMPTY_BODY = YES;
				CLANG_WARN_ENUM_CONVERSION = YES;
				CLANG_WARN_INFINITE_RECURSION = YES;
				CLANG_WARN_INT_CONVERSION = YES;
				CLANG_WARN_NON_LITERAL_NULL_CONVERSION = YES;
				CLANG_WARN_OBJC_IMPLICIT_RETAIN_SELF = YES;
				CLANG_WARN_OBJC_LITERAL_CONVERSION = YES;
				CLANG_WARN_OBJC_ROOT_CLASS = YES_ERROR;
				CLANG_WARN_QUOTED_INCLUDE_IN_FRAMEWORK_HEADER = YES;
				CLANG_WARN_RANGE_LOOP_ANALYSIS = YES;
				CLANG_WARN_STRICT_PROTOTYPES = YES;
				CLANG_WARN_SUSPICIOUS_MOVE = YES;
				CLANG_WARN_UNGUARDED_AVAILABILITY = YES_AGGRESSIVE;
				CLANG_WARN_UNREACHABLE_CODE = YES;
				CLANG_WARN__DUPLICATE_METHOD_MATCH = YES;
				COPY_PHASE_STRIP = NO;
				DEBUG_INFORMATION_FORMAT = "dwarf-with-dsym";
				ENABLE_NS_ASSERTIONS = NO;
				ENABLE_STRICT_OBJC_MSGSEND = YES;
				GCC_C_LANGUAGE_STANDARD = gnu11;
				GCC_NO_COMMON_BLOCKS = YES;
				GCC_WARN_64_TO_32_BIT_CONVERSION = YES;
				GCC_WARN_ABOUT_RETURN_TYPE = YES_ERROR;
				GCC_WARN_UNDECLARED_SELECTOR = YES;
				GCC_WARN_UNINITIALIZED_AUTOS = YES_AGGRESSIVE;
				GCC_WARN_UNUSED_FUNCTION = YES;
				GCC_WARN_UNUSED_VARIABLE = YES;
				IPHONEOS_DEPLOYMENT_TARGET = 14.5;
				MTL_ENABLE_DEBUG_INFO = NO;
				MTL_FAST_MATH = YES;
				SDKROOT = iphoneos;
				SWIFT_COMPILATION_MODE = wholemodule;
				SWIFT_OPTIMIZATION_LEVEL = "-O";
				VALIDATE_PRODUCT = YES;
			};
			name = Release;
		};
		E145712926B0173F00B56351 /* Debug */ = {
			isa = XCBuildConfiguration;
			buildSettings = {
				ASSETCATALOG_COMPILER_APPICON_NAME = AppIcon;
				ASSETCATALOG_COMPILER_GLOBAL_ACCENT_COLOR_NAME = AccentColor;
				CODE_SIGN_STYLE = Automatic;
				INFOPLIST_FILE = CurrenciesApp/Info.plist;
				IPHONEOS_DEPLOYMENT_TARGET = 13.0;
				LD_RUNPATH_SEARCH_PATHS = (
					"$(inherited)",
					"@executable_path/Frameworks",
				);
				PRODUCT_BUNDLE_IDENTIFIER = com.eduardo.CurrenciesApp;
				PRODUCT_NAME = "$(TARGET_NAME)";
				SWIFT_VERSION = 5.0;
				TARGETED_DEVICE_FAMILY = "1,2";
			};
			name = Debug;
		};
		E145712A26B0173F00B56351 /* Release */ = {
			isa = XCBuildConfiguration;
			buildSettings = {
				ASSETCATALOG_COMPILER_APPICON_NAME = AppIcon;
				ASSETCATALOG_COMPILER_GLOBAL_ACCENT_COLOR_NAME = AccentColor;
				CODE_SIGN_STYLE = Automatic;
				INFOPLIST_FILE = CurrenciesApp/Info.plist;
				IPHONEOS_DEPLOYMENT_TARGET = 13.0;
				LD_RUNPATH_SEARCH_PATHS = (
					"$(inherited)",
					"@executable_path/Frameworks",
				);
				PRODUCT_BUNDLE_IDENTIFIER = com.eduardo.CurrenciesApp;
				PRODUCT_NAME = "$(TARGET_NAME)";
				SWIFT_VERSION = 5.0;
				TARGETED_DEVICE_FAMILY = "1,2";
			};
			name = Release;
		};
		E145712C26B0173F00B56351 /* Debug */ = {
			isa = XCBuildConfiguration;
			buildSettings = {
				ALWAYS_EMBED_SWIFT_STANDARD_LIBRARIES = YES;
				BUNDLE_LOADER = "$(TEST_HOST)";
				CODE_SIGN_STYLE = Automatic;
				INFOPLIST_FILE = CurrenciesAppTests/Info.plist;
				IPHONEOS_DEPLOYMENT_TARGET = 14.5;
				LD_RUNPATH_SEARCH_PATHS = (
					"$(inherited)",
					"@executable_path/Frameworks",
					"@loader_path/Frameworks",
				);
				PRODUCT_BUNDLE_IDENTIFIER = com.eduardo.CurrenciesAppTests;
				PRODUCT_NAME = "$(TARGET_NAME)";
				SWIFT_VERSION = 5.0;
				TARGETED_DEVICE_FAMILY = "1,2";
				TEST_HOST = "$(BUILT_PRODUCTS_DIR)/CurrenciesApp.app/CurrenciesApp";
			};
			name = Debug;
		};
		E145712D26B0173F00B56351 /* Release */ = {
			isa = XCBuildConfiguration;
			buildSettings = {
				ALWAYS_EMBED_SWIFT_STANDARD_LIBRARIES = YES;
				BUNDLE_LOADER = "$(TEST_HOST)";
				CODE_SIGN_STYLE = Automatic;
				INFOPLIST_FILE = CurrenciesAppTests/Info.plist;
				IPHONEOS_DEPLOYMENT_TARGET = 14.5;
				LD_RUNPATH_SEARCH_PATHS = (
					"$(inherited)",
					"@executable_path/Frameworks",
					"@loader_path/Frameworks",
				);
				PRODUCT_BUNDLE_IDENTIFIER = com.eduardo.CurrenciesAppTests;
				PRODUCT_NAME = "$(TARGET_NAME)";
				SWIFT_VERSION = 5.0;
				TARGETED_DEVICE_FAMILY = "1,2";
				TEST_HOST = "$(BUILT_PRODUCTS_DIR)/CurrenciesApp.app/CurrenciesApp";
			};
			name = Release;
		};
		E145712F26B0173F00B56351 /* Debug */ = {
			isa = XCBuildConfiguration;
			buildSettings = {
				ALWAYS_EMBED_SWIFT_STANDARD_LIBRARIES = YES;
				CODE_SIGN_STYLE = Automatic;
				INFOPLIST_FILE = CurrenciesAppUITests/Info.plist;
				LD_RUNPATH_SEARCH_PATHS = (
					"$(inherited)",
					"@executable_path/Frameworks",
					"@loader_path/Frameworks",
				);
				PRODUCT_BUNDLE_IDENTIFIER = com.eduardo.CurrenciesAppUITests;
				PRODUCT_NAME = "$(TARGET_NAME)";
				SWIFT_VERSION = 5.0;
				TARGETED_DEVICE_FAMILY = "1,2";
				TEST_TARGET_NAME = CurrenciesApp;
			};
			name = Debug;
		};
		E145713026B0173F00B56351 /* Release */ = {
			isa = XCBuildConfiguration;
			buildSettings = {
				ALWAYS_EMBED_SWIFT_STANDARD_LIBRARIES = YES;
				CODE_SIGN_STYLE = Automatic;
				INFOPLIST_FILE = CurrenciesAppUITests/Info.plist;
				LD_RUNPATH_SEARCH_PATHS = (
					"$(inherited)",
					"@executable_path/Frameworks",
					"@loader_path/Frameworks",
				);
				PRODUCT_BUNDLE_IDENTIFIER = com.eduardo.CurrenciesAppUITests;
				PRODUCT_NAME = "$(TARGET_NAME)";
				SWIFT_VERSION = 5.0;
				TARGETED_DEVICE_FAMILY = "1,2";
				TEST_TARGET_NAME = CurrenciesApp;
			};
			name = Release;
		};
/* End XCBuildConfiguration section */

/* Begin XCConfigurationList section */
		E14570F626B0173C00B56351 /* Build configuration list for PBXProject "CurrenciesApp" */ = {
			isa = XCConfigurationList;
			buildConfigurations = (
				E145712626B0173F00B56351 /* Debug */,
				E145712726B0173F00B56351 /* Release */,
			);
			defaultConfigurationIsVisible = 0;
			defaultConfigurationName = Release;
		};
		E145712826B0173F00B56351 /* Build configuration list for PBXNativeTarget "CurrenciesApp" */ = {
			isa = XCConfigurationList;
			buildConfigurations = (
				E145712926B0173F00B56351 /* Debug */,
				E145712A26B0173F00B56351 /* Release */,
			);
			defaultConfigurationIsVisible = 0;
			defaultConfigurationName = Release;
		};
		E145712B26B0173F00B56351 /* Build configuration list for PBXNativeTarget "CurrenciesAppTests" */ = {
			isa = XCConfigurationList;
			buildConfigurations = (
				E145712C26B0173F00B56351 /* Debug */,
				E145712D26B0173F00B56351 /* Release */,
			);
			defaultConfigurationIsVisible = 0;
			defaultConfigurationName = Release;
		};
		E145712E26B0173F00B56351 /* Build configuration list for PBXNativeTarget "CurrenciesAppUITests" */ = {
			isa = XCConfigurationList;
			buildConfigurations = (
				E145712F26B0173F00B56351 /* Debug */,
				E145713026B0173F00B56351 /* Release */,
			);
			defaultConfigurationIsVisible = 0;
			defaultConfigurationName = Release;
		};
/* End XCConfigurationList section */

/* Begin XCRemoteSwiftPackageReference section */
		E145713526B0528B00B56351 /* XCRemoteSwiftPackageReference "SwiftyJSON" */ = {
			isa = XCRemoteSwiftPackageReference;
			repositoryURL = "https://github.com/SwiftyJSON/SwiftyJSON";
			requirement = {
				kind = upToNextMajorVersion;
				minimumVersion = 5.0.1;
			};
		};
		E145713D26B2915800B56351 /* XCRemoteSwiftPackageReference "Kanna" */ = {
			isa = XCRemoteSwiftPackageReference;
			repositoryURL = "https://github.com/tid-kijyun/Kanna";
			requirement = {
				kind = upToNextMajorVersion;
				minimumVersion = 5.2.6;
			};
		};
		E145715126B3ACCB00B56351 /* XCRemoteSwiftPackageReference "JGProgressHUD" */ = {
			isa = XCRemoteSwiftPackageReference;
			repositoryURL = "https://github.com/JonasGessner/JGProgressHUD";
			requirement = {
				kind = upToNextMajorVersion;
				minimumVersion = 2.2.0;
			};
		};
/* End XCRemoteSwiftPackageReference section */

/* Begin XCSwiftPackageProductDependency section */
		E145713626B0528B00B56351 /* SwiftyJSON */ = {
			isa = XCSwiftPackageProductDependency;
			package = E145713526B0528B00B56351 /* XCRemoteSwiftPackageReference "SwiftyJSON" */;
			productName = SwiftyJSON;
		};
		E145713E26B2915800B56351 /* Kanna */ = {
			isa = XCSwiftPackageProductDependency;
			package = E145713D26B2915800B56351 /* XCRemoteSwiftPackageReference "Kanna" */;
			productName = Kanna;
		};
		E145715226B3ACCB00B56351 /* JGProgressHUD */ = {
			isa = XCSwiftPackageProductDependency;
			package = E145715126B3ACCB00B56351 /* XCRemoteSwiftPackageReference "JGProgressHUD" */;
			productName = JGProgressHUD;
		};
/* End XCSwiftPackageProductDependency section */

/* Begin XCVersionGroup section */
		E145710726B0173C00B56351 /* CurrenciesApp.xcdatamodeld */ = {
			isa = XCVersionGroup;
			children = (
				E145710826B0173C00B56351 /* CurrenciesApp.xcdatamodel */,
			);
			currentVersion = E145710826B0173C00B56351 /* CurrenciesApp.xcdatamodel */;
			path = CurrenciesApp.xcdatamodeld;
			sourceTree = "<group>";
			versionGroupType = wrapper.xcdatamodel;
		};
/* End XCVersionGroup section */
	};
	rootObject = E14570F326B0173C00B56351 /* Project object */;
}
